// !$*UTF8*$!
{
	archiveVersion = 1;
	classes = {
	};
	objectVersion = 50;
	objects = {

/* Begin PBXBuildFile section */
		319D260620735D00005C1762 /* AppDelegate.swift in Sources */ = {isa = PBXBuildFile; fileRef = 319D260520735D00005C1762 /* AppDelegate.swift */; };
		319D260820735D00005C1762 /* ViewController.swift in Sources */ = {isa = PBXBuildFile; fileRef = 319D260720735D00005C1762 /* ViewController.swift */; };
		319D260B20735D00005C1762 /* Main.storyboard in Resources */ = {isa = PBXBuildFile; fileRef = 319D260920735D00005C1762 /* Main.storyboard */; };
		319D260D20735D03005C1762 /* Assets.xcassets in Resources */ = {isa = PBXBuildFile; fileRef = 319D260C20735D03005C1762 /* Assets.xcassets */; };
		319D261020735D03005C1762 /* LaunchScreen.storyboard in Resources */ = {isa = PBXBuildFile; fileRef = 319D260E20735D03005C1762 /* LaunchScreen.storyboard */; };
		319D261B20735D04005C1762 /* chestnutTests.swift in Sources */ = {isa = PBXBuildFile; fileRef = 319D261A20735D04005C1762 /* chestnutTests.swift */; };
		319D262620735D04005C1762 /* chestnutUITests.swift in Sources */ = {isa = PBXBuildFile; fileRef = 319D262520735D04005C1762 /* chestnutUITests.swift */; };
/* End PBXBuildFile section */

/* Begin PBXContainerItemProxy section */
		319D261720735D04005C1762 /* PBXContainerItemProxy */ = {
			isa = PBXContainerItemProxy;
			containerPortal = 319D25FA20735D00005C1762 /* Project object */;
			proxyType = 1;
			remoteGlobalIDString = 319D260120735D00005C1762;
			remoteInfo = chestnut;
		};
		319D262220735D04005C1762 /* PBXContainerItemProxy */ = {
			isa = PBXContainerItemProxy;
			containerPortal = 319D25FA20735D00005C1762 /* Project object */;
			proxyType = 1;
			remoteGlobalIDString = 319D260120735D00005C1762;
			remoteInfo = chestnut;
		};
/* End PBXContainerItemProxy section */

/* Begin PBXFileReference section */
		319D260220735D00005C1762 /* chestnut.app */ = {isa = PBXFileReference; explicitFileType = wrapper.application; includeInIndex = 0; path = chestnut.app; sourceTree = BUILT_PRODUCTS_DIR; };
		319D260520735D00005C1762 /* AppDelegate.swift */ = {isa = PBXFileReference; lastKnownFileType = sourcecode.swift; path = AppDelegate.swift; sourceTree = "<group>"; };
		319D260720735D00005C1762 /* ViewController.swift */ = {isa = PBXFileReference; lastKnownFileType = sourcecode.swift; path = ViewController.swift; sourceTree = "<group>"; };
		319D260A20735D00005C1762 /* Base */ = {isa = PBXFileReference; lastKnownFileType = file.storyboard; name = Base; path = Base.lproj/Main.storyboard; sourceTree = "<group>"; };
		319D260C20735D03005C1762 /* Assets.xcassets */ = {isa = PBXFileReference; lastKnownFileType = folder.assetcatalog; path = Assets.xcassets; sourceTree = "<group>"; };
		319D260F20735D03005C1762 /* Base */ = {isa = PBXFileReference; lastKnownFileType = file.storyboard; name = Base; path = Base.lproj/LaunchScreen.storyboard; sourceTree = "<group>"; };
		319D261120735D03005C1762 /* Info.plist */ = {isa = PBXFileReference; lastKnownFileType = text.plist.xml; path = Info.plist; sourceTree = "<group>"; };
		319D261620735D04005C1762 /* chestnutTests.xctest */ = {isa = PBXFileReference; explicitFileType = wrapper.cfbundle; includeInIndex = 0; path = chestnutTests.xctest; sourceTree = BUILT_PRODUCTS_DIR; };
		319D261A20735D04005C1762 /* chestnutTests.swift */ = {isa = PBXFileReference; lastKnownFileType = sourcecode.swift; path = chestnutTests.swift; sourceTree = "<group>"; };
		319D261C20735D04005C1762 /* Info.plist */ = {isa = PBXFileReference; lastKnownFileType = text.plist.xml; path = Info.plist; sourceTree = "<group>"; };
		319D262120735D04005C1762 /* chestnutUITests.xctest */ = {isa = PBXFileReference; explicitFileType = wrapper.cfbundle; includeInIndex = 0; path = chestnutUITests.xctest; sourceTree = BUILT_PRODUCTS_DIR; };
		319D262520735D04005C1762 /* chestnutUITests.swift */ = {isa = PBXFileReference; lastKnownFileType = sourcecode.swift; path = chestnutUITests.swift; sourceTree = "<group>"; };
		319D262720735D04005C1762 /* Info.plist */ = {isa = PBXFileReference; lastKnownFileType = text.plist.xml; path = Info.plist; sourceTree = "<group>"; };
/* End PBXFileReference section */

/* Begin PBXFrameworksBuildPhase section */
		319D25FF20735D00005C1762 /* Frameworks */ = {
			isa = PBXFrameworksBuildPhase;
			buildActionMask = 2147483647;
			files = (
			);
			runOnlyForDeploymentPostprocessing = 0;
		};
		319D261320735D04005C1762 /* Frameworks */ = {
			isa = PBXFrameworksBuildPhase;
			buildActionMask = 2147483647;
			files = (
			);
			runOnlyForDeploymentPostprocessing = 0;
		};
		319D261E20735D04005C1762 /* Frameworks */ = {
			isa = PBXFrameworksBuildPhase;
			buildActionMask = 2147483647;
			files = (
			);
			runOnlyForDeploymentPostprocessing = 0;
		};
/* End PBXFrameworksBuildPhase section */

/* Begin PBXGroup section */
		319D25F920735D00005C1762 = {
			isa = PBXGroup;
			children = (
				319D260420735D00005C1762 /* chestnut */,
				319D261920735D04005C1762 /* chestnutTests */,
				319D262420735D04005C1762 /* chestnutUITests */,
				319D260320735D00005C1762 /* Products */,
			);
			sourceTree = "<group>";
		};
		319D260320735D00005C1762 /* Products */ = {
			isa = PBXGroup;
			children = (
				319D260220735D00005C1762 /* chestnut.app */,
				319D261620735D04005C1762 /* chestnutTests.xctest */,
				319D262120735D04005C1762 /* chestnutUITests.xctest */,
			);
			name = Products;
			sourceTree = "<group>";
		};
		319D260420735D00005C1762 /* chestnut */ = {
			isa = PBXGroup;
			children = (
				319D260520735D00005C1762 /* AppDelegate.swift */,
				319D260720735D00005C1762 /* ViewController.swift */,
				319D260920735D00005C1762 /* Main.storyboard */,
				319D260C20735D03005C1762 /* Assets.xcassets */,
				319D260E20735D03005C1762 /* LaunchScreen.storyboard */,
				319D261120735D03005C1762 /* Info.plist */,
			);
			path = chestnut;
			sourceTree = "<group>";
		};
		319D261920735D04005C1762 /* chestnutTests */ = {
			isa = PBXGroup;
			children = (
				319D261A20735D04005C1762 /* chestnutTests.swift */,
				319D261C20735D04005C1762 /* Info.plist */,
			);
			path = chestnutTests;
			sourceTree = "<group>";
		};
		319D262420735D04005C1762 /* chestnutUITests */ = {
			isa = PBXGroup;
			children = (
				319D262520735D04005C1762 /* chestnutUITests.swift */,
				319D262720735D04005C1762 /* Info.plist */,
			);
			path = chestnutUITests;
			sourceTree = "<group>";
		};
/* End PBXGroup section */

/* Begin PBXNativeTarget section */
		319D260120735D00005C1762 /* chestnut */ = {
			isa = PBXNativeTarget;
			buildConfigurationList = 319D262A20735D04005C1762 /* Build configuration list for PBXNativeTarget "chestnut" */;
			buildPhases = (
				319D25FE20735D00005C1762 /* Sources */,
				319D25FF20735D00005C1762 /* Frameworks */,
				319D260020735D00005C1762 /* Resources */,
			);
			buildRules = (
			);
			dependencies = (
			);
			name = chestnut;
			productName = chestnut;
			productReference = 319D260220735D00005C1762 /* chestnut.app */;
			productType = "com.apple.product-type.application";
		};
		319D261520735D04005C1762 /* chestnutTests */ = {
			isa = PBXNativeTarget;
			buildConfigurationList = 319D262D20735D04005C1762 /* Build configuration list for PBXNativeTarget "chestnutTests" */;
			buildPhases = (
				319D261220735D04005C1762 /* Sources */,
				319D261320735D04005C1762 /* Frameworks */,
				319D261420735D04005C1762 /* Resources */,
			);
			buildRules = (
			);
			dependencies = (
				319D261820735D04005C1762 /* PBXTargetDependency */,
			);
			name = chestnutTests;
			productName = chestnutTests;
			productReference = 319D261620735D04005C1762 /* chestnutTests.xctest */;
			productType = "com.apple.product-type.bundle.unit-test";
		};
		319D262020735D04005C1762 /* chestnutUITests */ = {
			isa = PBXNativeTarget;
			buildConfigurationList = 319D263020735D04005C1762 /* Build configuration list for PBXNativeTarget "chestnutUITests" */;
			buildPhases = (
				319D261D20735D04005C1762 /* Sources */,
				319D261E20735D04005C1762 /* Frameworks */,
				319D261F20735D04005C1762 /* Resources */,
			);
			buildRules = (
			);
			dependencies = (
				319D262320735D04005C1762 /* PBXTargetDependency */,
			);
			name = chestnutUITests;
			productName = chestnutUITests;
			productReference = 319D262120735D04005C1762 /* chestnutUITests.xctest */;
			productType = "com.apple.product-type.bundle.ui-testing";
		};
/* End PBXNativeTarget section */

/* Begin PBXProject section */
		319D25FA20735D00005C1762 /* Project object */ = {
			isa = PBXProject;
			attributes = {
				LastSwiftUpdateCheck = 0930;
				LastUpgradeCheck = 0930;
				ORGANIZATIONNAME = "吳姿萱";
				TargetAttributes = {
					319D260120735D00005C1762 = {
						CreatedOnToolsVersion = 9.3;
					};
					319D261520735D04005C1762 = {
						CreatedOnToolsVersion = 9.3;
						TestTargetID = 319D260120735D00005C1762;
					};
					319D262020735D04005C1762 = {
						CreatedOnToolsVersion = 9.3;
						TestTargetID = 319D260120735D00005C1762;
					};
				};
			};
			buildConfigurationList = 319D25FD20735D00005C1762 /* Build configuration list for PBXProject "chestnut" */;
			compatibilityVersion = "Xcode 9.3";
			developmentRegion = en;
			hasScannedForEncodings = 0;
			knownRegions = (
				en,
				Base,
			);
			mainGroup = 319D25F920735D00005C1762;
			productRefGroup = 319D260320735D00005C1762 /* Products */;
			projectDirPath = "";
			projectRoot = "";
			targets = (
				319D260120735D00005C1762 /* chestnut */,
				319D261520735D04005C1762 /* chestnutTests */,
				319D262020735D04005C1762 /* chestnutUITests */,
			);
		};
/* End PBXProject section */

/* Begin PBXResourcesBuildPhase section */
		319D260020735D00005C1762 /* Resources */ = {
			isa = PBXResourcesBuildPhase;
			buildActionMask = 2147483647;
			files = (
				319D261020735D03005C1762 /* LaunchScreen.storyboard in Resources */,
				319D260D20735D03005C1762 /* Assets.xcassets in Resources */,
				319D260B20735D00005C1762 /* Main.storyboard in Resources */,
			);
			runOnlyForDeploymentPostprocessing = 0;
		};
		319D261420735D04005C1762 /* Resources */ = {
			isa = PBXResourcesBuildPhase;
			buildActionMask = 2147483647;
			files = (
			);
			runOnlyForDeploymentPostprocessing = 0;
		};
		319D261F20735D04005C1762 /* Resources */ = {
			isa = PBXResourcesBuildPhase;
			buildActionMask = 2147483647;
			files = (
			);
			runOnlyForDeploymentPostprocessing = 0;
		};
/* End PBXResourcesBuildPhase section */

/* Begin PBXSourcesBuildPhase section */
		319D25FE20735D00005C1762 /* Sources */ = {
			isa = PBXSourcesBuildPhase;
			buildActionMask = 2147483647;
			files = (
				319D260820735D00005C1762 /* ViewController.swift in Sources */,
				319D260620735D00005C1762 /* AppDelegate.swift in Sources */,
			);
			runOnlyForDeploymentPostprocessing = 0;
		};
		319D261220735D04005C1762 /* Sources */ = {
			isa = PBXSourcesBuildPhase;
			buildActionMask = 2147483647;
			files = (
				319D261B20735D04005C1762 /* chestnutTests.swift in Sources */,
			);
			runOnlyForDeploymentPostprocessing = 0;
		};
		319D261D20735D04005C1762 /* Sources */ = {
			isa = PBXSourcesBuildPhase;
			buildActionMask = 2147483647;
			files = (
				319D262620735D04005C1762 /* chestnutUITests.swift in Sources */,
			);
			runOnlyForDeploymentPostprocessing = 0;
		};
/* End PBXSourcesBuildPhase section */

/* Begin PBXTargetDependency section */
		319D261820735D04005C1762 /* PBXTargetDependency */ = {
			isa = PBXTargetDependency;
			target = 319D260120735D00005C1762 /* chestnut */;
			targetProxy = 319D261720735D04005C1762 /* PBXContainerItemProxy */;
		};
		319D262320735D04005C1762 /* PBXTargetDependency */ = {
			isa = PBXTargetDependency;
			target = 319D260120735D00005C1762 /* chestnut */;
			targetProxy = 319D262220735D04005C1762 /* PBXContainerItemProxy */;
		};
/* End PBXTargetDependency section */

/* Begin PBXVariantGroup section */
		319D260920735D00005C1762 /* Main.storyboard */ = {
			isa = PBXVariantGroup;
			children = (
				319D260A20735D00005C1762 /* Base */,
			);
			name = Main.storyboard;
			sourceTree = "<group>";
		};
		319D260E20735D03005C1762 /* LaunchScreen.storyboard */ = {
			isa = PBXVariantGroup;
			children = (
				319D260F20735D03005C1762 /* Base */,
			);
			name = LaunchScreen.storyboard;
			sourceTree = "<group>";
		};
/* End PBXVariantGroup section */

/* Begin XCBuildConfiguration section */
		319D262820735D04005C1762 /* Debug */ = {
			isa = XCBuildConfiguration;
			buildSettings = {
				ALWAYS_SEARCH_USER_PATHS = NO;
				CLANG_ANALYZER_NONNULL = YES;
				CLANG_ANALYZER_NUMBER_OBJECT_CONVERSION = YES_AGGRESSIVE;
				CLANG_CXX_LANGUAGE_STANDARD = "gnu++14";
				CLANG_CXX_LIBRARY = "libc++";
				CLANG_ENABLE_MODULES = YES;
				CLANG_ENABLE_OBJC_ARC = YES;
				CLANG_ENABLE_OBJC_WEAK = YES;
				CLANG_WARN_BLOCK_CAPTURE_AUTORELEASING = YES;
				CLANG_WARN_BOOL_CONVERSION = YES;
				CLANG_WARN_COMMA = YES;
				CLANG_WARN_CONSTANT_CONVERSION = YES;
				CLANG_WARN_DEPRECATED_OBJC_IMPLEMENTATIONS = YES;
				CLANG_WARN_DIRECT_OBJC_ISA_USAGE = YES_ERROR;
				CLANG_WARN_DOCUMENTATION_COMMENTS = YES;
				CLANG_WARN_EMPTY_BODY = YES;
				CLANG_WARN_ENUM_CONVERSION = YES;
				CLANG_WARN_INFINITE_RECURSION = YES;
				CLANG_WARN_INT_CONVERSION = YES;
				CLANG_WARN_NON_LITERAL_NULL_CONVERSION = YES;
				CLANG_WARN_OBJC_IMPLICIT_RETAIN_SELF = YES;
				CLANG_WARN_OBJC_LITERAL_CONVERSION = YES;
				CLANG_WARN_OBJC_ROOT_CLASS = YES_ERROR;
				CLANG_WARN_RANGE_LOOP_ANALYSIS = YES;
				CLANG_WARN_STRICT_PROTOTYPES = YES;
				CLANG_WARN_SUSPICIOUS_MOVE = YES;
				CLANG_WARN_UNGUARDED_AVAILABILITY = YES_AGGRESSIVE;
				CLANG_WARN_UNREACHABLE_CODE = YES;
				CLANG_WARN__DUPLICATE_METHOD_MATCH = YES;
				CODE_SIGN_IDENTITY = "iPhone Developer";
				COPY_PHASE_STRIP = NO;
				DEBUG_INFORMATION_FORMAT = dwarf;
				ENABLE_STRICT_OBJC_MSGSEND = YES;
				ENABLE_TESTABILITY = YES;
				GCC_C_LANGUAGE_STANDARD = gnu11;
				GCC_DYNAMIC_NO_PIC = NO;
				GCC_NO_COMMON_BLOCKS = YES;
				GCC_OPTIMIZATION_LEVEL = 0;
				GCC_PREPROCESSOR_DEFINITIONS = (
					"DEBUG=1",
					"$(inherited)",
				);
				GCC_WARN_64_TO_32_BIT_CONVERSION = YES;
				GCC_WARN_ABOUT_RETURN_TYPE = YES_ERROR;
				GCC_WARN_UNDECLARED_SELECTOR = YES;
				GCC_WARN_UNINITIALIZED_AUTOS = YES_AGGRESSIVE;
				GCC_WARN_UNUSED_FUNCTION = YES;
				GCC_WARN_UNUSED_VARIABLE = YES;
				IPHONEOS_DEPLOYMENT_TARGET = 11.3;
				MTL_ENABLE_DEBUG_INFO = YES;
				ONLY_ACTIVE_ARCH = YES;
				SDKROOT = iphoneos;
				SWIFT_ACTIVE_COMPILATION_CONDITIONS = DEBUG;
				SWIFT_OPTIMIZATION_LEVEL = "-Onone";
			};
			name = Debug;
		};
		319D262920735D04005C1762 /* Release */ = {
			isa = XCBuildConfiguration;
			buildSettings = {
				ALWAYS_SEARCH_USER_PATHS = NO;
				CLANG_ANALYZER_NONNULL = YES;
				CLANG_ANALYZER_NUMBER_OBJECT_CONVERSION = YES_AGGRESSIVE;
				CLANG_CXX_LANGUAGE_STANDARD = "gnu++14";
				CLANG_CXX_LIBRARY = "libc++";
				CLANG_ENABLE_MODULES = YES;
				CLANG_ENABLE_OBJC_ARC = YES;
				CLANG_ENABLE_OBJC_WEAK = YES;
				CLANG_WARN_BLOCK_CAPTURE_AUTORELEASING = YES;
				CLANG_WARN_BOOL_CONVERSION = YES;
				CLANG_WARN_COMMA = YES;
				CLANG_WARN_CONSTANT_CONVERSION = YES;
				CLANG_WARN_DEPRECATED_OBJC_IMPLEMENTATIONS = YES;
				CLANG_WARN_DIRECT_OBJC_ISA_USAGE = YES_ERROR;
				CLANG_WARN_DOCUMENTATION_COMMENTS = YES;
				CLANG_WARN_EMPTY_BODY = YES;
				CLANG_WARN_ENUM_CONVERSION = YES;
				CLANG_WARN_INFINITE_RECURSION = YES;
				CLANG_WARN_INT_CONVERSION = YES;
				CLANG_WARN_NON_LITERAL_NULL_CONVERSION = YES;
				CLANG_WARN_OBJC_IMPLICIT_RETAIN_SELF = YES;
				CLANG_WARN_OBJC_LITERAL_CONVERSION = YES;
				CLANG_WARN_OBJC_ROOT_CLASS = YES_ERROR;
				CLANG_WARN_RANGE_LOOP_ANALYSIS = YES;
				CLANG_WARN_STRICT_PROTOTYPES = YES;
				CLANG_WARN_SUSPICIOUS_MOVE = YES;
				CLANG_WARN_UNGUARDED_AVAILABILITY = YES_AGGRESSIVE;
				CLANG_WARN_UNREACHABLE_CODE = YES;
				CLANG_WARN__DUPLICATE_METHOD_MATCH = YES;
				CODE_SIGN_IDENTITY = "iPhone Developer";
				COPY_PHASE_STRIP = NO;
				DEBUG_INFORMATION_FORMAT = "dwarf-with-dsym";
				ENABLE_NS_ASSERTIONS = NO;
				ENABLE_STRICT_OBJC_MSGSEND = YES;
				GCC_C_LANGUAGE_STANDARD = gnu11;
				GCC_NO_COMMON_BLOCKS = YES;
				GCC_WARN_64_TO_32_BIT_CONVERSION = YES;
				GCC_WARN_ABOUT_RETURN_TYPE = YES_ERROR;
				GCC_WARN_UNDECLARED_SELECTOR = YES;
				GCC_WARN_UNINITIALIZED_AUTOS = YES_AGGRESSIVE;
				GCC_WARN_UNUSED_FUNCTION = YES;
				GCC_WARN_UNUSED_VARIABLE = YES;
				IPHONEOS_DEPLOYMENT_TARGET = 11.3;
				MTL_ENABLE_DEBUG_INFO = NO;
				SDKROOT = iphoneos;
				SWIFT_COMPILATION_MODE = wholemodule;
				SWIFT_OPTIMIZATION_LEVEL = "-O";
				VALIDATE_PRODUCT = YES;
			};
			name = Release;
		};
		319D262B20735D04005C1762 /* Debug */ = {
			isa = XCBuildConfiguration;
			buildSettings = {
				ASSETCATALOG_COMPILER_APPICON_NAME = AppIcon;
				CODE_SIGN_STYLE = Automatic;
				DEVELOPMENT_TEAM = SVZ9TVUDUZ;
				INFOPLIST_FILE = chestnut/Info.plist;
				LD_RUNPATH_SEARCH_PATHS = (
					"$(inherited)",
					"@executable_path/Frameworks",
				);
				PRODUCT_BUNDLE_IDENTIFIER = chestnut.tw.chestnut;
				PRODUCT_NAME = "$(TARGET_NAME)";
				SWIFT_VERSION = 4.0;
				TARGETED_DEVICE_FAMILY = "1,2";
			};
			name = Debug;
		};
		319D262C20735D04005C1762 /* Release */ = {
			isa = XCBuildConfiguration;
			buildSettings = {
				ASSETCATALOG_COMPILER_APPICON_NAME = AppIcon;
				CODE_SIGN_STYLE = Automatic;
				DEVELOPMENT_TEAM = SVZ9TVUDUZ;
				INFOPLIST_FILE = chestnut/Info.plist;
				LD_RUNPATH_SEARCH_PATHS = (
					"$(inherited)",
					"@executable_path/Frameworks",
				);
				PRODUCT_BUNDLE_IDENTIFIER = chestnut.tw.chestnut;
				PRODUCT_NAME = "$(TARGET_NAME)";
				SWIFT_VERSION = 4.0;
				TARGETED_DEVICE_FAMILY = "1,2";
			};
			name = Release;
		};
		319D262E20735D04005C1762 /* Debug */ = {
			isa = XCBuildConfiguration;
			buildSettings = {
				ALWAYS_EMBED_SWIFT_STANDARD_LIBRARIES = YES;
				BUNDLE_LOADER = "$(TEST_HOST)";
				CODE_SIGN_STYLE = Automatic;
				DEVELOPMENT_TEAM = SVZ9TVUDUZ;
				INFOPLIST_FILE = chestnutTests/Info.plist;
				LD_RUNPATH_SEARCH_PATHS = (
					"$(inherited)",
					"@executable_path/Frameworks",
					"@loader_path/Frameworks",
				);
				PRODUCT_BUNDLE_IDENTIFIER = chestnut.tw.chestnutTests;
				PRODUCT_NAME = "$(TARGET_NAME)";
				SWIFT_VERSION = 4.0;
				TARGETED_DEVICE_FAMILY = "1,2";
				TEST_HOST = "$(BUILT_PRODUCTS_DIR)/chestnut.app/chestnut";
			};
			name = Debug;
		};
		319D262F20735D04005C1762 /* Release */ = {
			isa = XCBuildConfiguration;
			buildSettings = {
				ALWAYS_EMBED_SWIFT_STANDARD_LIBRARIES = YES;
				BUNDLE_LOADER = "$(TEST_HOST)";
				CODE_SIGN_STYLE = Automatic;
				DEVELOPMENT_TEAM = SVZ9TVUDUZ;
				INFOPLIST_FILE = chestnutTests/Info.plist;
				LD_RUNPATH_SEARCH_PATHS = (
					"$(inherited)",
					"@executable_path/Frameworks",
					"@loader_path/Frameworks",
				);
				PRODUCT_BUNDLE_IDENTIFIER = chestnut.tw.chestnutTests;
				PRODUCT_NAME = "$(TARGET_NAME)";
				SWIFT_VERSION = 4.0;
				TARGETED_DEVICE_FAMILY = "1,2";
				TEST_HOST = "$(BUILT_PRODUCTS_DIR)/chestnut.app/chestnut";
			};
			name = Release;
		};
		319D263120735D04005C1762 /* Debug */ = {
			isa = XCBuildConfiguration;
			buildSettings = {
				ALWAYS_EMBED_SWIFT_STANDARD_LIBRARIES = YES;
				CODE_SIGN_STYLE = Automatic;
				DEVELOPMENT_TEAM = SVZ9TVUDUZ;
				INFOPLIST_FILE = chestnutUITests/Info.plist;
				LD_RUNPATH_SEARCH_PATHS = (
					"$(inherited)",
					"@executable_path/Frameworks",
					"@loader_path/Frameworks",
				);
				PRODUCT_BUNDLE_IDENTIFIER = chestnut.tw.chestnutUITests;
				PRODUCT_NAME = "$(TARGET_NAME)";
				SWIFT_VERSION = 4.0;
				TARGETED_DEVICE_FAMILY = "1,2";
				TEST_TARGET_NAME = chestnut;
			};
			name = Debug;
		};
		319D263220735D04005C1762 /* Release */ = {
			isa = XCBuildConfiguration;
			buildSettings = {
				ALWAYS_EMBED_SWIFT_STANDARD_LIBRARIES = YES;
				CODE_SIGN_STYLE = Automatic;
				DEVELOPMENT_TEAM = SVZ9TVUDUZ;
				INFOPLIST_FILE = chestnutUITests/Info.plist;
				LD_RUNPATH_SEARCH_PATHS = (
					"$(inherited)",
					"@executable_path/Frameworks",
					"@loader_path/Frameworks",
				);
				PRODUCT_BUNDLE_IDENTIFIER = chestnut.tw.chestnutUITests;
				PRODUCT_NAME = "$(TARGET_NAME)";
				SWIFT_VERSION = 4.0;
				TARGETED_DEVICE_FAMILY = "1,2";
				TEST_TARGET_NAME = chestnut;
			};
			name = Release;
		};
/* End XCBuildConfiguration section */

/* Begin XCConfigurationList section */
		319D25FD20735D00005C1762 /* Build configuration list for PBXProject "chestnut" */ = {
			isa = XCConfigurationList;
			buildConfigurations = (
				319D262820735D04005C1762 /* Debug */,
				319D262920735D04005C1762 /* Release */,
			);
			defaultConfigurationIsVisible = 0;
			defaultConfigurationName = Release;
		};
		319D262A20735D04005C1762 /* Build configuration list for PBXNativeTarget "chestnut" */ = {
			isa = XCConfigurationList;
			buildConfigurations = (
				319D262B20735D04005C1762 /* Debug */,
				319D262C20735D04005C1762 /* Release */,
			);
			defaultConfigurationIsVisible = 0;
			defaultConfigurationName = Release;
		};
		319D262D20735D04005C1762 /* Build configuration list for PBXNativeTarget "chestnutTests" */ = {
			isa = XCConfigurationList;
			buildConfigurations = (
				319D262E20735D04005C1762 /* Debug */,
				319D262F20735D04005C1762 /* Release */,
			);
			defaultConfigurationIsVisible = 0;
			defaultConfigurationName = Release;
		};
		319D263020735D04005C1762 /* Build configuration list for PBXNativeTarget "chestnutUITests" */ = {
			isa = XCConfigurationList;
			buildConfigurations = (
				319D263120735D04005C1762 /* Debug */,
				319D263220735D04005C1762 /* Release */,
			);
			defaultConfigurationIsVisible = 0;
			defaultConfigurationName = Release;
		};
/* End XCConfigurationList section */
	};
	rootObject = 319D25FA20735D00005C1762 /* Project object */;
}
